
Microsoft Visual Studio Solution File, Format Version 12.00
# Visual Studio 15
VisualStudioVersion = 15.0.28307.572
MinimumVisualStudioVersion = 10.0.40219.1
Project("{FAE04EC0-301F-11D3-BF4B-00C04F79EFBC}") = "EFCodeFirst", "EFCodeFirst\EFCodeFirst.csproj", "{8819CA60-AF8F-4831-924E-4933460747DC}"
EndProject
Global
	GlobalSection(SolutionConfigurationPlatforms) = preSolution
		Debug|Any CPU = Debug|Any CPU
		Release|Any CPU = Release|Any CPU
	EndGlobalSection
	GlobalSection(ProjectConfigurationPlatforms) = postSolution
		{8819CA60-AF8F-4831-924E-4933460747DC}.Debug|Any CPU.ActiveCfg = Debug|Any CPU
		{8819CA60-AF8F-4831-924E-4933460747DC}.Debug|Any CPU.Build.0 = Debug|Any CPU
		{8819CA60-AF8F-4831-924E-4933460747DC}.Release|Any CPU.ActiveCfg = Release|Any CPU
		{8819CA60-AF8F-4831-924E-4933460747DC}.Release|Any CPU.Build.0 = Release|Any CPU
	EndGlobalSection
	GlobalSection(SolutionProperties) = preSolution
		HideSolutionNode = FALSE
	EndGlobalSection
	GlobalSection(ExtensibilityGlobals) = postSolution
		SolutionGuid = {73147FF4-6C3D-4678-B84F-8F6EFEE33E3A}
	EndGlobalSection
EndGlobal
